#MicroXplorer Configuration settings - do not modify
Mcu.Family=STM32L0
RCC.MSI_VALUE=2097000
ProjectManager.MainLocation=Core/Src
Dma.USART2_TX.1.Priority=DMA_PRIORITY_LOW
Dma.SPI1_TX.0.MemInc=DMA_MINC_ENABLE
ProjectManager.ProjectFileName=hello_nucleo_cpp.ioc
Dma.SPI1_TX.0.PeriphInc=DMA_PINC_DISABLE
USART2.IPParameters=VirtualMode-Asynchronous
PA7.Mode=TX_Only_Simplex_Unidirect_Master
ProjectManager.KeepUserCode=true
Mcu.UserName=STM32L011K4Tx
PA10.Mode=Asynchronous
Mcu.PinsNb=8
SPI1.VirtualType=VM_MASTER
ProjectManager.NoMain=false
SPI1.IPParameters=VirtualType,Mode,Direction,CalculateBaudRate,BaudRatePrescaler
Dma.USART2_TX.1.MemInc=DMA_MINC_ENABLE
RCC.LPUARTFreq_Value=24000000
RCC.PLLCLKFreq_Value=24000000
PA3.GPIO_PuPd=GPIO_PULLDOWN
ProjectManager.functionlistsort=1-MX_GPIO_Init-GPIO-false-LL-true,2-MX_DMA_Init-DMA-false-LL-true,3-SystemClock_Config-RCC-false-LL-false,4-MX_SPI1_Init-SPI1-false-LL-true,5-MX_USART2_UART_Init-USART2-false-LL-true
RCC.RTCFreq_Value=37000
PA3.GPIOParameters=GPIO_PuPd,GPIO_Label
ProjectManager.DefaultFWLocation=true
RCC.USART2Freq_Value=24000000
NVIC.SVC_IRQn=true\:0\:0\:false\:false\:true\:false\:false
ProjectManager.DeletePrevious=true
RCC.TimerFreq_Value=24000000
Dma.USART2_TX.1.PeriphDataAlignment=DMA_PDATAALIGN_BYTE
Dma.USART2_TX.1.RequestParameters=Instance,Direction,PeriphInc,MemInc,PeriphDataAlignment,MemDataAlignment,Mode,Priority
NVIC.USART2_IRQn=true\:1\:0\:true\:false\:true\:true\:true
PinOutPanel.RotationAngle=0
RCC.FamilyName=M
RCC.SYSCLKSource=RCC_SYSCLKSOURCE_PLLCLK
ProjectManager.StackSize=0x400
RCC.WatchDogFreq_Value=37000
Mcu.IP4=SYS
RCC.FCLKCortexFreq_Value=24000000
RCC.HSI16_VALUE=16000000
Mcu.IP5=USART2
Mcu.IP2=RCC
Mcu.IP3=SPI1
Mcu.IP0=DMA
PA9.Mode=Asynchronous
Mcu.IP1=NVIC
RCC.PLLDIV=RCC_PLLDIV_4
Dma.SPI1_TX.0.RequestParameters=Instance,Direction,PeriphInc,MemInc,PeriphDataAlignment,MemDataAlignment,Mode,Priority
Mcu.UserConstants=
ProjectManager.TargetToolchain=STM32CubeIDE
Mcu.ThirdPartyNb=0
SPI1.Direction=SPI_DIRECTION_2LINES
Dma.SPI1_TX.0.PeriphDataAlignment=DMA_PDATAALIGN_BYTE
RCC.HCLKFreq_Value=24000000
Dma.SPI1_TX.0.Direction=DMA_MEMORY_TO_PERIPH
Mcu.IPNb=6
ProjectManager.PreviousToolchain=
RCC.APB2TimFreq_Value=24000000
PA9.Signal=USART2_TX
Dma.USART2_TX.1.Mode=DMA_NORMAL
SPI1.CalculateBaudRate=3.0 MBits/s
Mcu.Pin6=PB3
Mcu.Pin7=VP_SYS_VS_Systick
RCC.LSE_VALUE=32768
PA1.GPIO_PuPd=GPIO_PULLDOWN
PA1.Signal=GPIO_Input
RCC.AHBFreq_Value=24000000
Mcu.Pin0=PA1
Mcu.Pin1=PA3
GPIO.groupedBy=Group By Peripherals
Mcu.Pin2=PA5
Mcu.Pin3=PA7
Mcu.Pin4=PA9
Mcu.Pin5=PA10
PA5.Signal=SPI1_SCK
ProjectManager.ProjectBuild=false
RCC.HSE_VALUE=8000000
RCC.MCOPinFreq_Value=24000000
Dma.USART2_TX.1.PeriphInc=DMA_PINC_DISABLE
board=custom
USART2.VirtualMode-Asynchronous=VM_ASYNC
RCC.VCOOutputFreq_Value=96000000
NVIC.SysTick_IRQn=true\:0\:0\:false\:false\:true\:false\:true
ProjectManager.LastFirmware=true
RCC.PLLMUL=RCC_PLLMUL_6
ProjectManager.FirmwarePackage=STM32Cube FW_L0 V1.11.2
Dma.USART2_TX.1.Direction=DMA_MEMORY_TO_PERIPH
MxDb.Version=DB.5.0.60
RCC.APB2Freq_Value=24000000
PA1.GPIOParameters=GPIO_PuPd,GPIO_Label
ProjectManager.BackupPrevious=false
MxCube.Version=5.6.1
RCC.I2C1Freq_Value=24000000
SPI1.Mode=SPI_MODE_MASTER
Dma.USART2_TX.1.Instance=DMA1_Channel2
File.Version=6
VP_SYS_VS_Systick.Mode=SysTick
PA1.GPIO_Label=BUTTON1
PB3.GPIOParameters=GPIO_Label
Dma.SPI1_TX.0.Instance=DMA1_Channel3
PA9.Locked=true
NVIC.NonMaskableInt_IRQn=true\:0\:0\:false\:false\:true\:false\:false
NVIC.PendSV_IRQn=true\:0\:0\:false\:false\:true\:false\:false
ProjectManager.FreePins=false
RCC.IPParameters=AHBFreq_Value,APB1Freq_Value,APB1TimFreq_Value,APB2Freq_Value,APB2TimFreq_Value,FCLKCortexFreq_Value,FamilyName,HCLKFreq_Value,HSE_VALUE,HSI16_VALUE,HSI_VALUE,I2C1Freq_Value,LPTIMFreq_Value,LPUARTFreq_Value,LSE_VALUE,LSI_VALUE,MCOPinFreq_Value,MSI_VALUE,PLLCLKFreq_Value,PLLDIV,PLLMUL,PWRFreq_Value,RTCFreq_Value,RTCHSEDivFreq_Value,SYSCLKFreq_VALUE,SYSCLKSource,TIMFreq_Value,TimerFreq_Value,USART2Freq_Value,VCOOutputFreq_Value,WatchDogFreq_Value
ProjectManager.AskForMigrate=true
Mcu.Name=STM32L011K(3-4)Tx
Dma.RequestsNb=2
ProjectManager.HalAssertFull=false
RCC.RTCHSEDivFreq_Value=4000000
ProjectManager.ProjectName=hello_nucleo_cpp
ProjectManager.UnderRoot=true
ProjectManager.CoupleFile=false
Dma.SPI1_TX.0.Mode=DMA_NORMAL
PB3.Signal=GPIO_Output
RCC.SYSCLKFreq_VALUE=24000000
Mcu.Package=LQFP32
PA1.Locked=true
PA3.Locked=true
PA10.Locked=true
NVIC.ForceEnableDMAVector=true
KeepUserPlacement=false
ProjectManager.CompilerOptimize=6
ProjectManager.ToolChainLocation=
RCC.LSI_VALUE=37000
VP_SYS_VS_Systick.Signal=SYS_VS_Systick
PA10.Signal=USART2_RX
ProjectManager.HeapSize=0x200
Dma.SPI1_TX.0.Priority=DMA_PRIORITY_LOW
Dma.SPI1_TX.0.MemDataAlignment=DMA_MDATAALIGN_BYTE
NVIC.HardFault_IRQn=true\:0\:0\:false\:false\:true\:false\:false
ProjectManager.ComputerToolchain=false
RCC.HSI_VALUE=16000000
NVIC.DMA1_Channel2_3_IRQn=true\:0\:0\:false\:false\:true\:false\:true
Dma.Request1=USART2_TX
RCC.APB1TimFreq_Value=24000000
RCC.PWRFreq_Value=24000000
Dma.USART2_TX.1.MemDataAlignment=DMA_MDATAALIGN_BYTE
RCC.APB1Freq_Value=24000000
Dma.Request0=SPI1_TX
SPI1.BaudRatePrescaler=SPI_BAUDRATEPRESCALER_8
ProjectManager.CustomerFirmwarePackage=
ProjectManager.DeviceId=STM32L011K4Tx
ProjectManager.LibraryCopy=1
RCC.LPTIMFreq_Value=24000000
PB3.Locked=true
PA3.GPIO_Label=BUTTON2
PA3.Signal=GPIO_Input
PA7.Signal=SPI1_MOSI
PA5.Mode=TX_Only_Simplex_Unidirect_Master
RCC.TIMFreq_Value=24000000
PB3.GPIO_Label=LD3
isbadioc=false
